
Microsoft Visual Studio Solution File, Format Version 12.00
# Visual Studio Version 17
VisualStudioVersion = 17.0.31903.59
MinimumVisualStudioVersion = 10.0.40219.1
Project("{FAE04EC0-301F-11D3-BF4B-00C04F79EFBC}") = "Domain", "Domain\Domain.csproj", "{63A92AA5-2144-48EC-B4AE-F27B18E48319}"
EndProject
Project("{FAE04EC0-301F-11D3-BF4B-00C04F79EFBC}") = "WebApi", "WebApi\WebApi.csproj", "{D683E849-4C5E-452D-B227-CA88B916B02E}"
EndProject
Project("{FAE04EC0-301F-11D3-BF4B-00C04F79EFBC}") = "Infrastructure", "Infrastructure\Infrastructure.csproj", "{2D368A06-EF4A-4E72-A494-AAFF302B865D}"
EndProject
Global
	GlobalSection(SolutionConfigurationPlatforms) = preSolution
		Debug|Any CPU = Debug|Any CPU
		Release|Any CPU = Release|Any CPU
	EndGlobalSection
	GlobalSection(SolutionProperties) = preSolution
		HideSolutionNode = FALSE
	EndGlobalSection
	GlobalSection(ProjectConfigurationPlatforms) = postSolution
		{63A92AA5-2144-48EC-B4AE-F27B18E48319}.Debug|Any CPU.ActiveCfg = Debug|Any CPU
		{63A92AA5-2144-48EC-B4AE-F27B18E48319}.Debug|Any CPU.Build.0 = Debug|Any CPU
		{63A92AA5-2144-48EC-B4AE-F27B18E48319}.Release|Any CPU.ActiveCfg = Release|Any CPU
		{63A92AA5-2144-48EC-B4AE-F27B18E48319}.Release|Any CPU.Build.0 = Release|Any CPU
		{D683E849-4C5E-452D-B227-CA88B916B02E}.Debug|Any CPU.ActiveCfg = Debug|Any CPU
		{D683E849-4C5E-452D-B227-CA88B916B02E}.Debug|Any CPU.Build.0 = Debug|Any CPU
		{D683E849-4C5E-452D-B227-CA88B916B02E}.Release|Any CPU.ActiveCfg = Release|Any CPU
		{D683E849-4C5E-452D-B227-CA88B916B02E}.Release|Any CPU.Build.0 = Release|Any CPU
		{2D368A06-EF4A-4E72-A494-AAFF302B865D}.Debug|Any CPU.ActiveCfg = Debug|Any CPU
		{2D368A06-EF4A-4E72-A494-AAFF302B865D}.Debug|Any CPU.Build.0 = Debug|Any CPU
		{2D368A06-EF4A-4E72-A494-AAFF302B865D}.Release|Any CPU.ActiveCfg = Release|Any CPU
		{2D368A06-EF4A-4E72-A494-AAFF302B865D}.Release|Any CPU.Build.0 = Release|Any CPU
	EndGlobalSection
EndGlobal
